
Microsoft Visual Studio Solution File, Format Version 12.00
# Visual Studio Version 16
VisualStudioVersion = 16.0.30804.86
MinimumVisualStudioVersion = 10.0.40219.1
Project("{FAE04EC0-301F-11D3-BF4B-00C04F79EFBC}") = "LB4", "LB4.csproj", "{D266D7AE-D93E-44AE-9CAB-40091B3CAC5F}"
EndProject
Global
	GlobalSection(SolutionConfigurationPlatforms) = preSolution
		Debug|Any CPU = Debug|Any CPU
		Release|Any CPU = Release|Any CPU
	EndGlobalSection
	GlobalSection(ProjectConfigurationPlatforms) = postSolution
		{D266D7AE-D93E-44AE-9CAB-40091B3CAC5F}.Debug|Any CPU.ActiveCfg = Debug|Any CPU
		{D266D7AE-D93E-44AE-9CAB-40091B3CAC5F}.Debug|Any CPU.Build.0 = Debug|Any CPU
		{D266D7AE-D93E-44AE-9CAB-40091B3CAC5F}.Release|Any CPU.ActiveCfg = Release|Any CPU
		{D266D7AE-D93E-44AE-9CAB-40091B3CAC5F}.Release|Any CPU.Build.0 = Release|Any CPU
	EndGlobalSection
	GlobalSection(SolutionProperties) = preSolution
		HideSolutionNode = FALSE
	EndGlobalSection
	GlobalSection(ExtensibilityGlobals) = postSolution
		SolutionGuid = {0C54BC8C-A645-49B8-8550-C4D824AFA283}
	EndGlobalSection
EndGlobal
